[{<<"cowboy">>,
  {git,"git://github.com/ninenines/cowboy.git",
       {ref,"44d96ed9be3818f5540a16117223c505800dcc21"}},
  0},
 {<<"cowlib">>,
  {git,"https://github.com/ninenines/cowlib",
       {ref,"61821cee0e8272430c003cb2393244a836754b1a"}},
  1},
 {<<"jiffy">>,
  {git,"https://github.com/davisp/jiffy.git",
       {ref,"7602deef034527c136b3bebc006b91ee87e785b4"}},
  0},
 {<<"ranch">>,
  {git,"https://github.com/ninenines/ranch",
       {ref,"55c2a9d623454f372a15e99721a37093d8773b48"}},
  1}].
